
Microsoft Visual Studio Solution File, Format Version 12.00
# Visual Studio 14
VisualStudioVersion = 14.0.25420.1
MinimumVisualStudioVersion = 10.0.40219.1
Project("{FAE04EC0-301F-11D3-BF4B-00C04F79EFBC}") = "Bentley.ProductContacts.Droid", "Bentley.ProductContacts\Bentley.ProductContacts.Droid\Bentley.ProductContacts.Droid.csproj", "{A38A0FB2-23EA-402E-BB78-0059311274CD}"
EndProject
Project("{FAE04EC0-301F-11D3-BF4B-00C04F79EFBC}") = "Bentley.ProductContacts.iOS", "Bentley.ProductContacts\Bentley.ProductContacts.iOS\Bentley.ProductContacts.iOS.csproj", "{DCAD9FA7-90E8-4682-954B-16F234150216}"
EndProject
Project("{FAE04EC0-301F-11D3-BF4B-00C04F79EFBC}") = "Bentley.ProductContacts.Windows", "Bentley.ProductContacts\Bentley.ProductContacts.Windows\Bentley.ProductContacts.Windows.csproj", "{A1FE41D4-D6D6-493C-81B0-2F3D70349809}"
EndProject
Project("{FAE04EC0-301F-11D3-BF4B-00C04F79EFBC}") = "Bentley.ProductContacts", "Bentley.ProductContacts\Bentley.ProductContacts\Bentley.ProductContacts.csproj", "{4D571AC0-A135-4FDF-AF07-C74BE0396646}"
EndProject
Project("{2150E333-8FDC-42A3-9474-1A3956D46DE8}") = "Solution Items", "Solution Items", "{22645B16-3F22-4D6F-B960-4211D0C26AAC}"
	ProjectSection(SolutionItems) = preProject
		Final Table.xlsm = Final Table.xlsm
		productcontacts.db = productcontacts.db
		setupDB.sql = setupDB.sql
	EndProjectSection
EndProject
Global
	GlobalSection(SolutionConfigurationPlatforms) = preSolution
		Ad-Hoc|Any CPU = Ad-Hoc|Any CPU
		Ad-Hoc|ARM = Ad-Hoc|ARM
		Ad-Hoc|iPhone = Ad-Hoc|iPhone
		Ad-Hoc|iPhoneSimulator = Ad-Hoc|iPhoneSimulator
		Ad-Hoc|x64 = Ad-Hoc|x64
		Ad-Hoc|x86 = Ad-Hoc|x86
		AppStore|Any CPU = AppStore|Any CPU
		AppStore|ARM = AppStore|ARM
		AppStore|iPhone = AppStore|iPhone
		AppStore|iPhoneSimulator = AppStore|iPhoneSimulator
		AppStore|x64 = AppStore|x64
		AppStore|x86 = AppStore|x86
		Debug|Any CPU = Debug|Any CPU
		Debug|ARM = Debug|ARM
		Debug|iPhone = Debug|iPhone
		Debug|iPhoneSimulator = Debug|iPhoneSimulator
		Debug|x64 = Debug|x64
		Debug|x86 = Debug|x86
		Release|Any CPU = Release|Any CPU
		Release|ARM = Release|ARM
		Release|iPhone = Release|iPhone
		Release|iPhoneSimulator = Release|iPhoneSimulator
		Release|x64 = Release|x64
		Release|x86 = Release|x86
	EndGlobalSection
	GlobalSection(ProjectConfigurationPlatforms) = postSolution
		{A38A0FB2-23EA-402E-BB78-0059311274CD}.Ad-Hoc|Any CPU.ActiveCfg = Release|Any CPU
		{A38A0FB2-23EA-402E-BB78-0059311274CD}.Ad-Hoc|Any CPU.Build.0 = Release|Any CPU
		{A38A0FB2-23EA-402E-BB78-0059311274CD}.Ad-Hoc|Any CPU.Deploy.0 = Release|Any CPU
		{A38A0FB2-23EA-402E-BB78-0059311274CD}.Ad-Hoc|ARM.ActiveCfg = Release|Any CPU
		{A38A0FB2-23EA-402E-BB78-0059311274CD}.Ad-Hoc|ARM.Build.0 = Release|Any CPU
		{A38A0FB2-23EA-402E-BB78-0059311274CD}.Ad-Hoc|ARM.Deploy.0 = Release|Any CPU
		{A38A0FB2-23EA-402E-BB78-0059311274CD}.Ad-Hoc|iPhone.ActiveCfg = Release|Any CPU
		{A38A0FB2-23EA-402E-BB78-0059311274CD}.Ad-Hoc|iPhone.Build.0 = Release|Any CPU
		{A38A0FB2-23EA-402E-BB78-0059311274CD}.Ad-Hoc|iPhone.Deploy.0 = Release|Any CPU
		{A38A0FB2-23EA-402E-BB78-0059311274CD}.Ad-Hoc|iPhoneSimulator.ActiveCfg = Release|Any CPU
		{A38A0FB2-23EA-402E-BB78-0059311274CD}.Ad-Hoc|iPhoneSimulator.Build.0 = Release|Any CPU
		{A38A0FB2-23EA-402E-BB78-0059311274CD}.Ad-Hoc|iPhoneSimulator.Deploy.0 = Release|Any CPU
		{A38A0FB2-23EA-402E-BB78-0059311274CD}.Ad-Hoc|x64.ActiveCfg = Release|Any CPU
		{A38A0FB2-23EA-402E-BB78-0059311274CD}.Ad-Hoc|x64.Build.0 = Release|Any CPU
		{A38A0FB2-23EA-402E-BB78-0059311274CD}.Ad-Hoc|x64.Deploy.0 = Release|Any CPU
		{A38A0FB2-23EA-402E-BB78-0059311274CD}.Ad-Hoc|x86.ActiveCfg = Release|Any CPU
		{A38A0FB2-23EA-402E-BB78-0059311274CD}.Ad-Hoc|x86.Build.0 = Release|Any CPU
		{A38A0FB2-23EA-402E-BB78-0059311274CD}.Ad-Hoc|x86.Deploy.0 = Release|Any CPU
		{A38A0FB2-23EA-402E-BB78-0059311274CD}.AppStore|Any CPU.ActiveCfg = Release|Any CPU
		{A38A0FB2-23EA-402E-BB78-0059311274CD}.AppStore|Any CPU.Build.0 = Release|Any CPU
		{A38A0FB2-23EA-402E-BB78-0059311274CD}.AppStore|Any CPU.Deploy.0 = Release|Any CPU
		{A38A0FB2-23EA-402E-BB78-0059311274CD}.AppStore|ARM.ActiveCfg = Release|Any CPU
		{A38A0FB2-23EA-402E-BB78-0059311274CD}.AppStore|ARM.Build.0 = Release|Any CPU
		{A38A0FB2-23EA-402E-BB78-0059311274CD}.AppStore|ARM.Deploy.0 = Release|Any CPU
		{A38A0FB2-23EA-402E-BB78-0059311274CD}.AppStore|iPhone.ActiveCfg = Release|Any CPU
		{A38A0FB2-23EA-402E-BB78-0059311274CD}.AppStore|iPhone.Build.0 = Release|Any CPU
		{A38A0FB2-23EA-402E-BB78-0059311274CD}.AppStore|iPhone.Deploy.0 = Release|Any CPU
		{A38A0FB2-23EA-402E-BB78-0059311274CD}.AppStore|iPhoneSimulator.ActiveCfg = Release|Any CPU
		{A38A0FB2-23EA-402E-BB78-0059311274CD}.AppStore|iPhoneSimulator.Build.0 = Release|Any CPU
		{A38A0FB2-23EA-402E-BB78-0059311274CD}.AppStore|iPhoneSimulator.Deploy.0 = Release|Any CPU
		{A38A0FB2-23EA-402E-BB78-0059311274CD}.AppStore|x64.ActiveCfg = Release|Any CPU
		{A38A0FB2-23EA-402E-BB78-0059311274CD}.AppStore|x64.Build.0 = Release|Any CPU
		{A38A0FB2-23EA-402E-BB78-0059311274CD}.AppStore|x64.Deploy.0 = Release|Any CPU
		{A38A0FB2-23EA-402E-BB78-0059311274CD}.AppStore|x86.ActiveCfg = Release|Any CPU
		{A38A0FB2-23EA-402E-BB78-0059311274CD}.AppStore|x86.Build.0 = Release|Any CPU
		{A38A0FB2-23EA-402E-BB78-0059311274CD}.AppStore|x86.Deploy.0 = Release|Any CPU
		{A38A0FB2-23EA-402E-BB78-0059311274CD}.Debug|Any CPU.ActiveCfg = Debug|Any CPU
		{A38A0FB2-23EA-402E-BB78-0059311274CD}.Debug|Any CPU.Build.0 = Debug|Any CPU
		{A38A0FB2-23EA-402E-BB78-0059311274CD}.Debug|Any CPU.Deploy.0 = Debug|Any CPU
		{A38A0FB2-23EA-402E-BB78-0059311274CD}.Debug|ARM.ActiveCfg = Debug|Any CPU
		{A38A0FB2-23EA-402E-BB78-0059311274CD}.Debug|ARM.Build.0 = Debug|Any CPU
		{A38A0FB2-23EA-402E-BB78-0059311274CD}.Debug|ARM.Deploy.0 = Debug|Any CPU
		{A38A0FB2-23EA-402E-BB78-0059311274CD}.Debug|iPhone.ActiveCfg = Debug|Any CPU
		{A38A0FB2-23EA-402E-BB78-0059311274CD}.Debug|iPhone.Build.0 = Debug|Any CPU
		{A38A0FB2-23EA-402E-BB78-0059311274CD}.Debug|iPhone.Deploy.0 = Debug|Any CPU
		{A38A0FB2-23EA-402E-BB78-0059311274CD}.Debug|iPhoneSimulator.ActiveCfg = Debug|Any CPU
		{A38A0FB2-23EA-402E-BB78-0059311274CD}.Debug|iPhoneSimulator.Build.0 = Debug|Any CPU
		{A38A0FB2-23EA-402E-BB78-0059311274CD}.Debug|iPhoneSimulator.Deploy.0 = Debug|Any CPU
		{A38A0FB2-23EA-402E-BB78-0059311274CD}.Debug|x64.ActiveCfg = Debug|Any CPU
		{A38A0FB2-23EA-402E-BB78-0059311274CD}.Debug|x64.Build.0 = Debug|Any CPU
		{A38A0FB2-23EA-402E-BB78-0059311274CD}.Debug|x64.Deploy.0 = Debug|Any CPU
		{A38A0FB2-23EA-402E-BB78-0059311274CD}.Debug|x86.ActiveCfg = Debug|Any CPU
		{A38A0FB2-23EA-402E-BB78-0059311274CD}.Debug|x86.Build.0 = Debug|Any CPU
		{A38A0FB2-23EA-402E-BB78-0059311274CD}.Debug|x86.Deploy.0 = Debug|Any CPU
		{A38A0FB2-23EA-402E-BB78-0059311274CD}.Release|Any CPU.ActiveCfg = Release|Any CPU
		{A38A0FB2-23EA-402E-BB78-0059311274CD}.Release|Any CPU.Build.0 = Release|Any CPU
		{A38A0FB2-23EA-402E-BB78-0059311274CD}.Release|Any CPU.Deploy.0 = Release|Any CPU
		{A38A0FB2-23EA-402E-BB78-0059311274CD}.Release|ARM.ActiveCfg = Release|Any CPU
		{A38A0FB2-23EA-402E-BB78-0059311274CD}.Release|ARM.Build.0 = Release|Any CPU
		{A38A0FB2-23EA-402E-BB78-0059311274CD}.Release|ARM.Deploy.0 = Release|Any CPU
		{A38A0FB2-23EA-402E-BB78-0059311274CD}.Release|iPhone.ActiveCfg = Release|Any CPU
		{A38A0FB2-23EA-402E-BB78-0059311274CD}.Release|iPhone.Build.0 = Release|Any CPU
		{A38A0FB2-23EA-402E-BB78-0059311274CD}.Release|iPhone.Deploy.0 = Release|Any CPU
		{A38A0FB2-23EA-402E-BB78-0059311274CD}.Release|iPhoneSimulator.ActiveCfg = Release|Any CPU
		{A38A0FB2-23EA-402E-BB78-0059311274CD}.Release|iPhoneSimulator.Build.0 = Release|Any CPU
		{A38A0FB2-23EA-402E-BB78-0059311274CD}.Release|iPhoneSimulator.Deploy.0 = Release|Any CPU
		{A38A0FB2-23EA-402E-BB78-0059311274CD}.Release|x64.ActiveCfg = Release|Any CPU
		{A38A0FB2-23EA-402E-BB78-0059311274CD}.Release|x64.Build.0 = Release|Any CPU
		{A38A0FB2-23EA-402E-BB78-0059311274CD}.Release|x64.Deploy.0 = Release|Any CPU
		{A38A0FB2-23EA-402E-BB78-0059311274CD}.Release|x86.ActiveCfg = Release|Any CPU
		{A38A0FB2-23EA-402E-BB78-0059311274CD}.Release|x86.Build.0 = Release|Any CPU
		{A38A0FB2-23EA-402E-BB78-0059311274CD}.Release|x86.Deploy.0 = Release|Any CPU
		{DCAD9FA7-90E8-4682-954B-16F234150216}.Ad-Hoc|Any CPU.ActiveCfg = Ad-Hoc|iPhone
		{DCAD9FA7-90E8-4682-954B-16F234150216}.Ad-Hoc|ARM.ActiveCfg = Ad-Hoc|iPhone
		{DCAD9FA7-90E8-4682-954B-16F234150216}.Ad-Hoc|iPhone.ActiveCfg = Ad-Hoc|iPhone
		{DCAD9FA7-90E8-4682-954B-16F234150216}.Ad-Hoc|iPhone.Build.0 = Ad-Hoc|iPhone
		{DCAD9FA7-90E8-4682-954B-16F234150216}.Ad-Hoc|iPhoneSimulator.ActiveCfg = Ad-Hoc|iPhoneSimulator
		{DCAD9FA7-90E8-4682-954B-16F234150216}.Ad-Hoc|iPhoneSimulator.Build.0 = Ad-Hoc|iPhoneSimulator
		{DCAD9FA7-90E8-4682-954B-16F234150216}.Ad-Hoc|x64.ActiveCfg = Ad-Hoc|iPhone
		{DCAD9FA7-90E8-4682-954B-16F234150216}.Ad-Hoc|x86.ActiveCfg = Ad-Hoc|iPhone
		{DCAD9FA7-90E8-4682-954B-16F234150216}.AppStore|Any CPU.ActiveCfg = AppStore|iPhone
		{DCAD9FA7-90E8-4682-954B-16F234150216}.AppStore|ARM.ActiveCfg = AppStore|iPhone
		{DCAD9FA7-90E8-4682-954B-16F234150216}.AppStore|iPhone.ActiveCfg = AppStore|iPhone
		{DCAD9FA7-90E8-4682-954B-16F234150216}.AppStore|iPhone.Build.0 = AppStore|iPhone
		{DCAD9FA7-90E8-4682-954B-16F234150216}.AppStore|iPhoneSimulator.ActiveCfg = AppStore|iPhoneSimulator
		{DCAD9FA7-90E8-4682-954B-16F234150216}.AppStore|iPhoneSimulator.Build.0 = AppStore|iPhoneSimulator
		{DCAD9FA7-90E8-4682-954B-16F234150216}.AppStore|x64.ActiveCfg = AppStore|iPhone
		{DCAD9FA7-90E8-4682-954B-16F234150216}.AppStore|x86.ActiveCfg = AppStore|iPhone
		{DCAD9FA7-90E8-4682-954B-16F234150216}.Debug|Any CPU.ActiveCfg = Debug|iPhone
		{DCAD9FA7-90E8-4682-954B-16F234150216}.Debug|ARM.ActiveCfg = Debug|iPhone
		{DCAD9FA7-90E8-4682-954B-16F234150216}.Debug|iPhone.ActiveCfg = Debug|iPhone
		{DCAD9FA7-90E8-4682-954B-16F234150216}.Debug|iPhone.Build.0 = Debug|iPhone
		{DCAD9FA7-90E8-4682-954B-16F234150216}.Debug|iPhoneSimulator.ActiveCfg = Debug|iPhoneSimulator
		{DCAD9FA7-90E8-4682-954B-16F234150216}.Debug|iPhoneSimulator.Build.0 = Debug|iPhoneSimulator
		{DCAD9FA7-90E8-4682-954B-16F234150216}.Debug|x64.ActiveCfg = Debug|iPhone
		{DCAD9FA7-90E8-4682-954B-16F234150216}.Debug|x86.ActiveCfg = Debug|iPhone
		{DCAD9FA7-90E8-4682-954B-16F234150216}.Release|Any CPU.ActiveCfg = Release|iPhone
		{DCAD9FA7-90E8-4682-954B-16F234150216}.Release|ARM.ActiveCfg = Release|iPhone
		{DCAD9FA7-90E8-4682-954B-16F234150216}.Release|iPhone.ActiveCfg = Release|iPhone
		{DCAD9FA7-90E8-4682-954B-16F234150216}.Release|iPhone.Build.0 = Release|iPhone
		{DCAD9FA7-90E8-4682-954B-16F234150216}.Release|iPhoneSimulator.ActiveCfg = Release|iPhoneSimulator
		{DCAD9FA7-90E8-4682-954B-16F234150216}.Release|iPhoneSimulator.Build.0 = Release|iPhoneSimulator
		{DCAD9FA7-90E8-4682-954B-16F234150216}.Release|x64.ActiveCfg = Release|iPhone
		{DCAD9FA7-90E8-4682-954B-16F234150216}.Release|x86.ActiveCfg = Release|iPhone
		{A1FE41D4-D6D6-493C-81B0-2F3D70349809}.Ad-Hoc|Any CPU.ActiveCfg = Release|Any CPU
		{A1FE41D4-D6D6-493C-81B0-2F3D70349809}.Ad-Hoc|Any CPU.Build.0 = Release|Any CPU
		{A1FE41D4-D6D6-493C-81B0-2F3D70349809}.Ad-Hoc|Any CPU.Deploy.0 = Release|Any CPU
		{A1FE41D4-D6D6-493C-81B0-2F3D70349809}.Ad-Hoc|ARM.ActiveCfg = Release|ARM
		{A1FE41D4-D6D6-493C-81B0-2F3D70349809}.Ad-Hoc|ARM.Build.0 = Release|ARM
		{A1FE41D4-D6D6-493C-81B0-2F3D70349809}.Ad-Hoc|ARM.Deploy.0 = Release|ARM
		{A1FE41D4-D6D6-493C-81B0-2F3D70349809}.Ad-Hoc|iPhone.ActiveCfg = Release|Any CPU
		{A1FE41D4-D6D6-493C-81B0-2F3D70349809}.Ad-Hoc|iPhone.Build.0 = Release|Any CPU
		{A1FE41D4-D6D6-493C-81B0-2F3D70349809}.Ad-Hoc|iPhone.Deploy.0 = Release|Any CPU
		{A1FE41D4-D6D6-493C-81B0-2F3D70349809}.Ad-Hoc|iPhoneSimulator.ActiveCfg = Release|Any CPU
		{A1FE41D4-D6D6-493C-81B0-2F3D70349809}.Ad-Hoc|iPhoneSimulator.Build.0 = Release|Any CPU
		{A1FE41D4-D6D6-493C-81B0-2F3D70349809}.Ad-Hoc|iPhoneSimulator.Deploy.0 = Release|Any CPU
		{A1FE41D4-D6D6-493C-81B0-2F3D70349809}.Ad-Hoc|x64.ActiveCfg = Release|x64
		{A1FE41D4-D6D6-493C-81B0-2F3D70349809}.Ad-Hoc|x64.Build.0 = Release|x64
		{A1FE41D4-D6D6-493C-81B0-2F3D70349809}.Ad-Hoc|x64.Deploy.0 = Release|x64
		{A1FE41D4-D6D6-493C-81B0-2F3D70349809}.Ad-Hoc|x86.ActiveCfg = Release|x86
		{A1FE41D4-D6D6-493C-81B0-2F3D70349809}.Ad-Hoc|x86.Build.0 = Release|x86
		{A1FE41D4-D6D6-493C-81B0-2F3D70349809}.Ad-Hoc|x86.Deploy.0 = Release|x86
		{A1FE41D4-D6D6-493C-81B0-2F3D70349809}.AppStore|Any CPU.ActiveCfg = Release|Any CPU
		{A1FE41D4-D6D6-493C-81B0-2F3D70349809}.AppStore|Any CPU.Build.0 = Release|Any CPU
		{A1FE41D4-D6D6-493C-81B0-2F3D70349809}.AppStore|Any CPU.Deploy.0 = Release|Any CPU
		{A1FE41D4-D6D6-493C-81B0-2F3D70349809}.AppStore|ARM.ActiveCfg = Release|ARM
		{A1FE41D4-D6D6-493C-81B0-2F3D70349809}.AppStore|ARM.Build.0 = Release|ARM
		{A1FE41D4-D6D6-493C-81B0-2F3D70349809}.AppStore|ARM.Deploy.0 = Release|ARM
		{A1FE41D4-D6D6-493C-81B0-2F3D70349809}.AppStore|iPhone.ActiveCfg = Release|Any CPU
		{A1FE41D4-D6D6-493C-81B0-2F3D70349809}.AppStore|iPhone.Build.0 = Release|Any CPU
		{A1FE41D4-D6D6-493C-81B0-2F3D70349809}.AppStore|iPhone.Deploy.0 = Release|Any CPU
		{A1FE41D4-D6D6-493C-81B0-2F3D70349809}.AppStore|iPhoneSimulator.ActiveCfg = Release|Any CPU
		{A1FE41D4-D6D6-493C-81B0-2F3D70349809}.AppStore|iPhoneSimulator.Build.0 = Release|Any CPU
		{A1FE41D4-D6D6-493C-81B0-2F3D70349809}.AppStore|iPhoneSimulator.Deploy.0 = Release|Any CPU
		{A1FE41D4-D6D6-493C-81B0-2F3D70349809}.AppStore|x64.ActiveCfg = Release|x64
		{A1FE41D4-D6D6-493C-81B0-2F3D70349809}.AppStore|x64.Build.0 = Release|x64
		{A1FE41D4-D6D6-493C-81B0-2F3D70349809}.AppStore|x64.Deploy.0 = Release|x64
		{A1FE41D4-D6D6-493C-81B0-2F3D70349809}.AppStore|x86.ActiveCfg = Release|x86
		{A1FE41D4-D6D6-493C-81B0-2F3D70349809}.AppStore|x86.Build.0 = Release|x86
		{A1FE41D4-D6D6-493C-81B0-2F3D70349809}.AppStore|x86.Deploy.0 = Release|x86
		{A1FE41D4-D6D6-493C-81B0-2F3D70349809}.Debug|Any CPU.ActiveCfg = Debug|Any CPU
		{A1FE41D4-D6D6-493C-81B0-2F3D70349809}.Debug|Any CPU.Build.0 = Debug|Any CPU
		{A1FE41D4-D6D6-493C-81B0-2F3D70349809}.Debug|Any CPU.Deploy.0 = Debug|Any CPU
		{A1FE41D4-D6D6-493C-81B0-2F3D70349809}.Debug|ARM.ActiveCfg = Debug|ARM
		{A1FE41D4-D6D6-493C-81B0-2F3D70349809}.Debug|ARM.Build.0 = Debug|ARM
		{A1FE41D4-D6D6-493C-81B0-2F3D70349809}.Debug|ARM.Deploy.0 = Debug|ARM
		{A1FE41D4-D6D6-493C-81B0-2F3D70349809}.Debug|iPhone.ActiveCfg = Debug|Any CPU
		{A1FE41D4-D6D6-493C-81B0-2F3D70349809}.Debug|iPhone.Build.0 = Debug|Any CPU
		{A1FE41D4-D6D6-493C-81B0-2F3D70349809}.Debug|iPhone.Deploy.0 = Debug|Any CPU
		{A1FE41D4-D6D6-493C-81B0-2F3D70349809}.Debug|iPhoneSimulator.ActiveCfg = Debug|Any CPU
		{A1FE41D4-D6D6-493C-81B0-2F3D70349809}.Debug|iPhoneSimulator.Build.0 = Debug|Any CPU
		{A1FE41D4-D6D6-493C-81B0-2F3D70349809}.Debug|iPhoneSimulator.Deploy.0 = Debug|Any CPU
		{A1FE41D4-D6D6-493C-81B0-2F3D70349809}.Debug|x64.ActiveCfg = Debug|x64
		{A1FE41D4-D6D6-493C-81B0-2F3D70349809}.Debug|x64.Build.0 = Debug|x64
		{A1FE41D4-D6D6-493C-81B0-2F3D70349809}.Debug|x64.Deploy.0 = Debug|x64
		{A1FE41D4-D6D6-493C-81B0-2F3D70349809}.Debug|x86.ActiveCfg = Debug|x86
		{A1FE41D4-D6D6-493C-81B0-2F3D70349809}.Debug|x86.Build.0 = Debug|x86
		{A1FE41D4-D6D6-493C-81B0-2F3D70349809}.Debug|x86.Deploy.0 = Debug|x86
		{A1FE41D4-D6D6-493C-81B0-2F3D70349809}.Release|Any CPU.ActiveCfg = Release|Any CPU
		{A1FE41D4-D6D6-493C-81B0-2F3D70349809}.Release|Any CPU.Build.0 = Release|Any CPU
		{A1FE41D4-D6D6-493C-81B0-2F3D70349809}.Release|Any CPU.Deploy.0 = Release|Any CPU
		{A1FE41D4-D6D6-493C-81B0-2F3D70349809}.Release|ARM.ActiveCfg = Release|ARM
		{A1FE41D4-D6D6-493C-81B0-2F3D70349809}.Release|ARM.Build.0 = Release|ARM
		{A1FE41D4-D6D6-493C-81B0-2F3D70349809}.Release|ARM.Deploy.0 = Release|ARM
		{A1FE41D4-D6D6-493C-81B0-2F3D70349809}.Release|iPhone.ActiveCfg = Release|Any CPU
		{A1FE41D4-D6D6-493C-81B0-2F3D70349809}.Release|iPhone.Build.0 = Release|Any CPU
		{A1FE41D4-D6D6-493C-81B0-2F3D70349809}.Release|iPhone.Deploy.0 = Release|Any CPU
		{A1FE41D4-D6D6-493C-81B0-2F3D70349809}.Release|iPhoneSimulator.ActiveCfg = Release|Any CPU
		{A1FE41D4-D6D6-493C-81B0-2F3D70349809}.Release|iPhoneSimulator.Build.0 = Release|Any CPU
		{A1FE41D4-D6D6-493C-81B0-2F3D70349809}.Release|iPhoneSimulator.Deploy.0 = Release|Any CPU
		{A1FE41D4-D6D6-493C-81B0-2F3D70349809}.Release|x64.ActiveCfg = Release|x64
		{A1FE41D4-D6D6-493C-81B0-2F3D70349809}.Release|x64.Build.0 = Release|x64
		{A1FE41D4-D6D6-493C-81B0-2F3D70349809}.Release|x64.Deploy.0 = Release|x64
		{A1FE41D4-D6D6-493C-81B0-2F3D70349809}.Release|x86.ActiveCfg = Release|x86
		{A1FE41D4-D6D6-493C-81B0-2F3D70349809}.Release|x86.Build.0 = Release|x86
		{A1FE41D4-D6D6-493C-81B0-2F3D70349809}.Release|x86.Deploy.0 = Release|x86
		{4D571AC0-A135-4FDF-AF07-C74BE0396646}.Ad-Hoc|Any CPU.ActiveCfg = Release|Any CPU
		{4D571AC0-A135-4FDF-AF07-C74BE0396646}.Ad-Hoc|Any CPU.Build.0 = Release|Any CPU
		{4D571AC0-A135-4FDF-AF07-C74BE0396646}.Ad-Hoc|ARM.ActiveCfg = Release|Any CPU
		{4D571AC0-A135-4FDF-AF07-C74BE0396646}.Ad-Hoc|ARM.Build.0 = Release|Any CPU
		{4D571AC0-A135-4FDF-AF07-C74BE0396646}.Ad-Hoc|iPhone.ActiveCfg = Release|Any CPU
		{4D571AC0-A135-4FDF-AF07-C74BE0396646}.Ad-Hoc|iPhone.Build.0 = Release|Any CPU
		{4D571AC0-A135-4FDF-AF07-C74BE0396646}.Ad-Hoc|iPhoneSimulator.ActiveCfg = Release|Any CPU
		{4D571AC0-A135-4FDF-AF07-C74BE0396646}.Ad-Hoc|iPhoneSimulator.Build.0 = Release|Any CPU
		{4D571AC0-A135-4FDF-AF07-C74BE0396646}.Ad-Hoc|x64.ActiveCfg = Release|Any CPU
		{4D571AC0-A135-4FDF-AF07-C74BE0396646}.Ad-Hoc|x64.Build.0 = Release|Any CPU
		{4D571AC0-A135-4FDF-AF07-C74BE0396646}.Ad-Hoc|x86.ActiveCfg = Release|Any CPU
		{4D571AC0-A135-4FDF-AF07-C74BE0396646}.Ad-Hoc|x86.Build.0 = Release|Any CPU
		{4D571AC0-A135-4FDF-AF07-C74BE0396646}.AppStore|Any CPU.ActiveCfg = Release|Any CPU
		{4D571AC0-A135-4FDF-AF07-C74BE0396646}.AppStore|Any CPU.Build.0 = Release|Any CPU
		{4D571AC0-A135-4FDF-AF07-C74BE0396646}.AppStore|ARM.ActiveCfg = Release|Any CPU
		{4D571AC0-A135-4FDF-AF07-C74BE0396646}.AppStore|ARM.Build.0 = Release|Any CPU
		{4D571AC0-A135-4FDF-AF07-C74BE0396646}.AppStore|iPhone.ActiveCfg = Release|Any CPU
		{4D571AC0-A135-4FDF-AF07-C74BE0396646}.AppStore|iPhone.Build.0 = Release|Any CPU
		{4D571AC0-A135-4FDF-AF07-C74BE0396646}.AppStore|iPhoneSimulator.ActiveCfg = Release|Any CPU
		{4D571AC0-A135-4FDF-AF07-C74BE0396646}.AppStore|iPhoneSimulator.Build.0 = Release|Any CPU
		{4D571AC0-A135-4FDF-AF07-C74BE0396646}.AppStore|x64.ActiveCfg = Release|Any CPU
		{4D571AC0-A135-4FDF-AF07-C74BE0396646}.AppStore|x64.Build.0 = Release|Any CPU
		{4D571AC0-A135-4FDF-AF07-C74BE0396646}.AppStore|x86.ActiveCfg = Release|Any CPU
		{4D571AC0-A135-4FDF-AF07-C74BE0396646}.AppStore|x86.Build.0 = Release|Any CPU
		{4D571AC0-A135-4FDF-AF07-C74BE0396646}.Debug|Any CPU.ActiveCfg = Debug|Any CPU
		{4D571AC0-A135-4FDF-AF07-C74BE0396646}.Debug|Any CPU.Build.0 = Debug|Any CPU
		{4D571AC0-A135-4FDF-AF07-C74BE0396646}.Debug|ARM.ActiveCfg = Debug|Any CPU
		{4D571AC0-A135-4FDF-AF07-C74BE0396646}.Debug|ARM.Build.0 = Debug|Any CPU
		{4D571AC0-A135-4FDF-AF07-C74BE0396646}.Debug|iPhone.ActiveCfg = Debug|Any CPU
		{4D571AC0-A135-4FDF-AF07-C74BE0396646}.Debug|iPhone.Build.0 = Debug|Any CPU
		{4D571AC0-A135-4FDF-AF07-C74BE0396646}.Debug|iPhoneSimulator.ActiveCfg = Debug|Any CPU
		{4D571AC0-A135-4FDF-AF07-C74BE0396646}.Debug|iPhoneSimulator.Build.0 = Debug|Any CPU
		{4D571AC0-A135-4FDF-AF07-C74BE0396646}.Debug|x64.ActiveCfg = Debug|Any CPU
		{4D571AC0-A135-4FDF-AF07-C74BE0396646}.Debug|x64.Build.0 = Debug|Any CPU
		{4D571AC0-A135-4FDF-AF07-C74BE0396646}.Debug|x86.ActiveCfg = Debug|Any CPU
		{4D571AC0-A135-4FDF-AF07-C74BE0396646}.Debug|x86.Build.0 = Debug|Any CPU
		{4D571AC0-A135-4FDF-AF07-C74BE0396646}.Release|Any CPU.ActiveCfg = Release|Any CPU
		{4D571AC0-A135-4FDF-AF07-C74BE0396646}.Release|Any CPU.Build.0 = Release|Any CPU
		{4D571AC0-A135-4FDF-AF07-C74BE0396646}.Release|ARM.ActiveCfg = Release|Any CPU
		{4D571AC0-A135-4FDF-AF07-C74BE0396646}.Release|ARM.Build.0 = Release|Any CPU
		{4D571AC0-A135-4FDF-AF07-C74BE0396646}.Release|iPhone.ActiveCfg = Release|Any CPU
		{4D571AC0-A135-4FDF-AF07-C74BE0396646}.Release|iPhone.Build.0 = Release|Any CPU
		{4D571AC0-A135-4FDF-AF07-C74BE0396646}.Release|iPhoneSimulator.ActiveCfg = Release|Any CPU
		{4D571AC0-A135-4FDF-AF07-C74BE0396646}.Release|iPhoneSimulator.Build.0 = Release|Any CPU
		{4D571AC0-A135-4FDF-AF07-C74BE0396646}.Release|x64.ActiveCfg = Release|Any CPU
		{4D571AC0-A135-4FDF-AF07-C74BE0396646}.Release|x64.Build.0 = Release|Any CPU
		{4D571AC0-A135-4FDF-AF07-C74BE0396646}.Release|x86.ActiveCfg = Release|Any CPU
		{4D571AC0-A135-4FDF-AF07-C74BE0396646}.Release|x86.Build.0 = Release|Any CPU
	EndGlobalSection
	GlobalSection(SolutionProperties) = preSolution
		HideSolutionNode = FALSE
	EndGlobalSection
EndGlobal
